// !$*UTF8*$!
{
	archiveVersion = 1;
	classes = {
	};
	objectVersion = 46;
	objects = {

/* Begin PBXBuildFile section */
		2F8C0C6419AC3E3600835999 /* bad-tweet.cpp in Sources */ = {isa = PBXBuildFile; fileRef = 2F8C0C6319AC3E3600835999 /* bad-tweet.cpp */; };
/* End PBXBuildFile section */

/* Begin PBXCopyFilesBuildPhase section */
		2FDDD19419AC2C1C00165D66 /* CopyFiles */ = {
			isa = PBXCopyFilesBuildPhase;
			buildActionMask = 2147483647;
			dstPath = /usr/share/man/man1/;
			dstSubfolderSpec = 0;
			files = (
			);
			runOnlyForDeploymentPostprocessing = 1;
		};
/* End PBXCopyFilesBuildPhase section */

/* Begin PBXFileReference section */
		2F8C0C6319AC3E3600835999 /* bad-tweet.cpp */ = {isa = PBXFileReference; fileEncoding = 4; lastKnownFileType = sourcecode.cpp.cpp; name = "bad-tweet.cpp"; path = "../../bad-tweet/bad-tweet.cpp"; sourceTree = "<group>"; };
		2FDDD19619AC2C1C00165D66 /* pa3x */ = {isa = PBXFileReference; explicitFileType = "compiled.mach-o.executable"; includeInIndex = 0; path = pa3x; sourceTree = BUILT_PRODUCTS_DIR; };
		2FDDD19919AC2C1C00165D66 /* main.cpp */ = {isa = PBXFileReference; lastKnownFileType = sourcecode.cpp.cpp; path = main.cpp; sourceTree = "<group>"; };
/* End PBXFileReference section */

/* Begin PBXFrameworksBuildPhase section */
		2FDDD19319AC2C1C00165D66 /* Frameworks */ = {
			isa = PBXFrameworksBuildPhase;
			buildActionMask = 2147483647;
			files = (
			);
			runOnlyForDeploymentPostprocessing = 0;
		};
/* End PBXFrameworksBuildPhase section */

/* Begin PBXGroup section */
		2FDDD18D19AC2C1C00165D66 = {
			isa = PBXGroup;
			children = (
				2FDDD19819AC2C1C00165D66 /* pa3x */,
				2FDDD19719AC2C1C00165D66 /* Products */,
			);
			sourceTree = "<group>";
		};
		2FDDD19719AC2C1C00165D66 /* Products */ = {
			isa = PBXGroup;
			children = (
				2FDDD19619AC2C1C00165D66 /* pa3x */,
			);
			name = Products;
			sourceTree = "<group>";
		};
		2FDDD19819AC2C1C00165D66 /* pa3x */ = {
			isa = PBXGroup;
			children = (
				2F8C0C6319AC3E3600835999 /* bad-tweet.cpp */,
				2FDDD19919AC2C1C00165D66 /* main.cpp */,
			);
			path = pa3x;
			sourceTree = "<group>";
		};
/* End PBXGroup section */

/* Begin PBXNativeTarget section */
		2FDDD19519AC2C1C00165D66 /* pa3x */ = {
			isa = PBXNativeTarget;
			buildConfigurationList = 2FDDD19D19AC2C1C00165D66 /* Build configuration list for PBXNativeTarget "pa3x" */;
			buildPhases = (
				2FDDD19219AC2C1C00165D66 /* Sources */,
				2FDDD19319AC2C1C00165D66 /* Frameworks */,
				2FDDD19419AC2C1C00165D66 /* CopyFiles */,
			);
			buildRules = (
			);
			dependencies = (
			);
			name = pa3x;
			productName = pa3x;
			productReference = 2FDDD19619AC2C1C00165D66 /* pa3x */;
			productType = "com.apple.product-type.tool";
		};
/* End PBXNativeTarget section */

/* Begin PBXProject section */
		2FDDD18E19AC2C1C00165D66 /* Project object */ = {
			isa = PBXProject;
			attributes = {
				LastUpgradeCheck = 0600;
				ORGANIZATIONNAME = "Tyler Weimin Ouyang";
				TargetAttributes = {
					2FDDD19519AC2C1C00165D66 = {
						CreatedOnToolsVersion = 6.0;
					};
				};
			};
			buildConfigurationList = 2FDDD19119AC2C1C00165D66 /* Build configuration list for PBXProject "pa3x" */;
			compatibilityVersion = "Xcode 3.2";
			developmentRegion = English;
			hasScannedForEncodings = 0;
			knownRegions = (
				en,
			);
			mainGroup = 2FDDD18D19AC2C1C00165D66;
			productRefGroup = 2FDDD19719AC2C1C00165D66 /* Products */;
			projectDirPath = "";
			projectRoot = "";
			targets = (
				2FDDD19519AC2C1C00165D66 /* pa3x */,
			);
		};
/* End PBXProject section */

/* Begin PBXSourcesBuildPhase section */
		2FDDD19219AC2C1C00165D66 /* Sources */ = {
			isa = PBXSourcesBuildPhase;
			buildActionMask = 2147483647;
			files = (
				2F8C0C6419AC3E3600835999 /* bad-tweet.cpp in Sources */,
			);
			runOnlyForDeploymentPostprocessing = 0;
		};
/* End PBXSourcesBuildPhase section */

/* Begin XCBuildConfiguration section */
		2FDDD19B19AC2C1C00165D66 /* Debug */ = {
			isa = XCBuildConfiguration;
			buildSettings = {
				ALWAYS_SEARCH_USER_PATHS = NO;
				CLANG_CXX_LANGUAGE_STANDARD = "gnu++0x";
				CLANG_CXX_LIBRARY = "libc++";
				CLANG_ENABLE_MODULES = YES;
				CLANG_ENABLE_OBJC_ARC = YES;
				CLANG_WARN_BOOL_CONVERSION = YES;
				CLANG_WARN_CONSTANT_CONVERSION = YES;
				CLANG_WARN_DIRECT_OBJC_ISA_USAGE = YES_ERROR;
				CLANG_WARN_EMPTY_BODY = YES;
				CLANG_WARN_ENUM_CONVERSION = YES;
				CLANG_WARN_INT_CONVERSION = YES;
				CLANG_WARN_OBJC_ROOT_CLASS = YES_ERROR;
				CLANG_WARN_UNREACHABLE_CODE = YES;
				CLANG_WARN__DUPLICATE_METHOD_MATCH = YES;
				COPY_PHASE_STRIP = NO;
				ENABLE_STRICT_OBJC_MSGSEND = YES;
				GCC_C_LANGUAGE_STANDARD = gnu99;
				GCC_DYNAMIC_NO_PIC = NO;
				GCC_OPTIMIZATION_LEVEL = 0;
				GCC_PREPROCESSOR_DEFINITIONS = (
					"DEBUG=1",
					"$(inherited)",
				);
				GCC_SYMBOLS_PRIVATE_EXTERN = NO;
				GCC_WARN_64_TO_32_BIT_CONVERSION = YES;
				GCC_WARN_ABOUT_RETURN_TYPE = YES_ERROR;
				GCC_WARN_UNDECLARED_SELECTOR = YES;
				GCC_WARN_UNINITIALIZED_AUTOS = YES_AGGRESSIVE;
				GCC_WARN_UNUSED_FUNCTION = YES;
				GCC_WARN_UNUSED_VARIABLE = YES;
				MACOSX_DEPLOYMENT_TARGET = 10.9;
				MTL_ENABLE_DEBUG_INFO = YES;
				ONLY_ACTIVE_ARCH = YES;
				SDKROOT = macosx;
			};
			name = Debug;
		};
		2FDDD19C19AC2C1C00165D66 /* Release */ = {
			isa = XCBuildConfiguration;
			buildSettings = {
				ALWAYS_SEARCH_USER_PATHS = NO;
				CLANG_CXX_LANGUAGE_STANDARD = "gnu++0x";
				CLANG_CXX_LIBRARY = "libc++";
				CLANG_ENABLE_MODULES = YES;
				CLANG_ENABLE_OBJC_ARC = YES;
				CLANG_WARN_BOOL_CONVERSION = YES;
				CLANG_WARN_CONSTANT_CONVERSION = YES;
				CLANG_WARN_DIRECT_OBJC_ISA_USAGE = YES_ERROR;
				CLANG_WARN_EMPTY_BODY = YES;
				CLANG_WARN_ENUM_CONVERSION = YES;
				CLANG_WARN_INT_CONVERSION = YES;
				CLANG_WARN_OBJC_ROOT_CLASS = YES_ERROR;
				CLANG_WARN_UNREACHABLE_CODE = YES;
				CLANG_WARN__DUPLICATE_METHOD_MATCH = YES;
				COPY_PHASE_STRIP = YES;
				DEBUG_INFORMATION_FORMAT = "dwarf-with-dsym";
				ENABLE_NS_ASSERTIONS = NO;
				ENABLE_STRICT_OBJC_MSGSEND = YES;
				GCC_C_LANGUAGE_STANDARD = gnu99;
				GCC_WARN_64_TO_32_BIT_CONVERSION = YES;
				GCC_WARN_ABOUT_RETURN_TYPE = YES_ERROR;
				GCC_WARN_UNDECLARED_SELECTOR = YES;
				GCC_WARN_UNINITIALIZED_AUTOS = YES_AGGRESSIVE;
				GCC_WARN_UNUSED_FUNCTION = YES;
				GCC_WARN_UNUSED_VARIABLE = YES;
				MACOSX_DEPLOYMENT_TARGET = 10.9;
				MTL_ENABLE_DEBUG_INFO = NO;
				SDKROOT = macosx;
			};
			name = Release;
		};
		2FDDD19E19AC2C1C00165D66 /* Debug */ = {
			isa = XCBuildConfiguration;
			buildSettings = {
				PRODUCT_NAME = "$(TARGET_NAME)";
			};
			name = Debug;
		};
		2FDDD19F19AC2C1C00165D66 /* Release */ = {
			isa = XCBuildConfiguration;
			buildSettings = {
				PRODUCT_NAME = "$(TARGET_NAME)";
			};
			name = Release;
		};
/* End XCBuildConfiguration section */

/* Begin XCConfigurationList section */
		2FDDD19119AC2C1C00165D66 /* Build configuration list for PBXProject "pa3x" */ = {
			isa = XCConfigurationList;
			buildConfigurations = (
				2FDDD19B19AC2C1C00165D66 /* Debug */,
				2FDDD19C19AC2C1C00165D66 /* Release */,
			);
			defaultConfigurationIsVisible = 0;
			defaultConfigurationName = Release;
		};
		2FDDD19D19AC2C1C00165D66 /* Build configuration list for PBXNativeTarget "pa3x" */ = {
			isa = XCConfigurationList;
			buildConfigurations = (
				2FDDD19E19AC2C1C00165D66 /* Debug */,
				2FDDD19F19AC2C1C00165D66 /* Release */,
			);
			defaultConfigurationIsVisible = 0;
			defaultConfigurationName = Release;
		};
/* End XCConfigurationList section */
	};
	rootObject = 2FDDD18E19AC2C1C00165D66 /* Project object */;
}
